
Microsoft Visual Studio Solution File, Format Version 12.00
# Visual Studio 15
VisualStudioVersion = 15.0.28307.852
MinimumVisualStudioVersion = 10.0.40219.1
Project("{2150E333-8FDC-42A3-9474-1A3956D46DE8}") = "DataAccess", "DataAccess", "{6B7B52FE-2A4A-409A-AE91-3869899B2768}"
EndProject
Project("{2150E333-8FDC-42A3-9474-1A3956D46DE8}") = "BusinessLogic", "BusinessLogic", "{94367BFE-859F-40D6-A025-07793FD650FD}"
EndProject
Project("{2150E333-8FDC-42A3-9474-1A3956D46DE8}") = "Presenter", "Presenter", "{28A0F2BB-8539-436C-AA33-D273012A9DF6}"
EndProject
Project("{FAE04EC0-301F-11D3-BF4B-00C04F79EFBC}") = "HandsOnTest.BL", "HandsOnTest.BL\HandsOnTest.BL.csproj", "{2E3040F1-0743-4A66-89A6-AF16ABBADA4D}"
EndProject
Project("{FAE04EC0-301F-11D3-BF4B-00C04F79EFBC}") = "HandsOnTest.DA", "HandsOnTest.DA\HandsOnTest.DA.csproj", "{1A2B7B89-008E-4AC2-98B5-29BCE53D918C}"
EndProject
Project("{2150E333-8FDC-42A3-9474-1A3956D46DE8}") = "Cross", "Cross", "{C1F9D753-3D10-4522-8760-8327C2053F55}"
EndProject
Project("{FAE04EC0-301F-11D3-BF4B-00C04F79EFBC}") = "HandsOnTest.DTO", "HandsOnTest.DTO\HandsOnTest.DTO.csproj", "{55D194CE-044E-4843-98AE-FC19B25BE539}"
EndProject
Project("{FAE04EC0-301F-11D3-BF4B-00C04F79EFBC}") = "HandsOnTest.Support", "HansdOnTest.Support\HandsOnTest.Support.csproj", "{E290225F-D966-4FD7-83E6-5B36E215C725}"
EndProject
Project("{2150E333-8FDC-42A3-9474-1A3956D46DE8}") = "API", "API", "{2ADF31B1-1BD6-4BEB-B412-D0A72866C43F}"
EndProject
Project("{FAE04EC0-301F-11D3-BF4B-00C04F79EFBC}") = "HandsOnTest.API", "HandsOnTest.API\HandsOnTest.API.csproj", "{F11F7C1E-A387-4471-AF3A-8C3DFC497647}"
EndProject
Project("{FAE04EC0-301F-11D3-BF4B-00C04F79EFBC}") = "HandsOnTest.Application", "HandsOnTest.Application\HandsOnTest.Application.csproj", "{83DC1683-7EB6-4D1E-A88F-2B049E1A5507}"
EndProject
Project("{2150E333-8FDC-42A3-9474-1A3956D46DE8}") = "Test", "Test", "{BE6FFD18-8888-4A70-B9E7-EF591FA45124}"
EndProject
Project("{FAE04EC0-301F-11D3-BF4B-00C04F79EFBC}") = "UnitTest", "UnitTest\UnitTest.csproj", "{FC853B6C-80A7-4BDD-8918-4103C1A82986}"
EndProject
Global
	GlobalSection(SolutionConfigurationPlatforms) = preSolution
		Debug|Any CPU = Debug|Any CPU
		Release|Any CPU = Release|Any CPU
	EndGlobalSection
	GlobalSection(ProjectConfigurationPlatforms) = postSolution
		{2E3040F1-0743-4A66-89A6-AF16ABBADA4D}.Debug|Any CPU.ActiveCfg = Debug|Any CPU
		{2E3040F1-0743-4A66-89A6-AF16ABBADA4D}.Debug|Any CPU.Build.0 = Debug|Any CPU
		{2E3040F1-0743-4A66-89A6-AF16ABBADA4D}.Release|Any CPU.ActiveCfg = Release|Any CPU
		{2E3040F1-0743-4A66-89A6-AF16ABBADA4D}.Release|Any CPU.Build.0 = Release|Any CPU
		{1A2B7B89-008E-4AC2-98B5-29BCE53D918C}.Debug|Any CPU.ActiveCfg = Debug|Any CPU
		{1A2B7B89-008E-4AC2-98B5-29BCE53D918C}.Debug|Any CPU.Build.0 = Debug|Any CPU
		{1A2B7B89-008E-4AC2-98B5-29BCE53D918C}.Release|Any CPU.ActiveCfg = Release|Any CPU
		{1A2B7B89-008E-4AC2-98B5-29BCE53D918C}.Release|Any CPU.Build.0 = Release|Any CPU
		{55D194CE-044E-4843-98AE-FC19B25BE539}.Debug|Any CPU.ActiveCfg = Debug|Any CPU
		{55D194CE-044E-4843-98AE-FC19B25BE539}.Debug|Any CPU.Build.0 = Debug|Any CPU
		{55D194CE-044E-4843-98AE-FC19B25BE539}.Release|Any CPU.ActiveCfg = Release|Any CPU
		{55D194CE-044E-4843-98AE-FC19B25BE539}.Release|Any CPU.Build.0 = Release|Any CPU
		{E290225F-D966-4FD7-83E6-5B36E215C725}.Debug|Any CPU.ActiveCfg = Debug|Any CPU
		{E290225F-D966-4FD7-83E6-5B36E215C725}.Debug|Any CPU.Build.0 = Debug|Any CPU
		{E290225F-D966-4FD7-83E6-5B36E215C725}.Release|Any CPU.ActiveCfg = Release|Any CPU
		{E290225F-D966-4FD7-83E6-5B36E215C725}.Release|Any CPU.Build.0 = Release|Any CPU
		{F11F7C1E-A387-4471-AF3A-8C3DFC497647}.Debug|Any CPU.ActiveCfg = Debug|Any CPU
		{F11F7C1E-A387-4471-AF3A-8C3DFC497647}.Debug|Any CPU.Build.0 = Debug|Any CPU
		{F11F7C1E-A387-4471-AF3A-8C3DFC497647}.Release|Any CPU.ActiveCfg = Release|Any CPU
		{F11F7C1E-A387-4471-AF3A-8C3DFC497647}.Release|Any CPU.Build.0 = Release|Any CPU
		{83DC1683-7EB6-4D1E-A88F-2B049E1A5507}.Debug|Any CPU.ActiveCfg = Debug|Any CPU
		{83DC1683-7EB6-4D1E-A88F-2B049E1A5507}.Debug|Any CPU.Build.0 = Debug|Any CPU
		{83DC1683-7EB6-4D1E-A88F-2B049E1A5507}.Release|Any CPU.ActiveCfg = Release|Any CPU
		{83DC1683-7EB6-4D1E-A88F-2B049E1A5507}.Release|Any CPU.Build.0 = Release|Any CPU
		{FC853B6C-80A7-4BDD-8918-4103C1A82986}.Debug|Any CPU.ActiveCfg = Debug|Any CPU
		{FC853B6C-80A7-4BDD-8918-4103C1A82986}.Debug|Any CPU.Build.0 = Debug|Any CPU
		{FC853B6C-80A7-4BDD-8918-4103C1A82986}.Release|Any CPU.ActiveCfg = Release|Any CPU
		{FC853B6C-80A7-4BDD-8918-4103C1A82986}.Release|Any CPU.Build.0 = Release|Any CPU
	EndGlobalSection
	GlobalSection(SolutionProperties) = preSolution
		HideSolutionNode = FALSE
	EndGlobalSection
	GlobalSection(NestedProjects) = preSolution
		{2E3040F1-0743-4A66-89A6-AF16ABBADA4D} = {94367BFE-859F-40D6-A025-07793FD650FD}
		{1A2B7B89-008E-4AC2-98B5-29BCE53D918C} = {6B7B52FE-2A4A-409A-AE91-3869899B2768}
		{55D194CE-044E-4843-98AE-FC19B25BE539} = {C1F9D753-3D10-4522-8760-8327C2053F55}
		{E290225F-D966-4FD7-83E6-5B36E215C725} = {C1F9D753-3D10-4522-8760-8327C2053F55}
		{F11F7C1E-A387-4471-AF3A-8C3DFC497647} = {2ADF31B1-1BD6-4BEB-B412-D0A72866C43F}
		{83DC1683-7EB6-4D1E-A88F-2B049E1A5507} = {28A0F2BB-8539-436C-AA33-D273012A9DF6}
		{FC853B6C-80A7-4BDD-8918-4103C1A82986} = {BE6FFD18-8888-4A70-B9E7-EF591FA45124}
	EndGlobalSection
	GlobalSection(ExtensibilityGlobals) = postSolution
		SolutionGuid = {F3BDD09B-B542-4417-8AFA-6A5CF6BCC50C}
	EndGlobalSection
EndGlobal
